
Microsoft Visual Studio Solution File, Format Version 12.00
# Visual Studio Version 16
VisualStudioVersion = 16.0.30225.117
MinimumVisualStudioVersion = 10.0.40219.1
Project("{FAE04EC0-301F-11D3-BF4B-00C04F79EFBC}") = "n10482652", "n10482652\n10482652.csproj", "{BBBB6C20-A864-4D08-93F9-D91639ABCC9F}"
EndProject
Global
	GlobalSection(SolutionConfigurationPlatforms) = preSolution
		Debug|Any CPU = Debug|Any CPU
		Release|Any CPU = Release|Any CPU
	EndGlobalSection
	GlobalSection(ProjectConfigurationPlatforms) = postSolution
		{BBBB6C20-A864-4D08-93F9-D91639ABCC9F}.Debug|Any CPU.ActiveCfg = Debug|Any CPU
		{BBBB6C20-A864-4D08-93F9-D91639ABCC9F}.Debug|Any CPU.Build.0 = Debug|Any CPU
		{BBBB6C20-A864-4D08-93F9-D91639ABCC9F}.Release|Any CPU.ActiveCfg = Release|Any CPU
		{BBBB6C20-A864-4D08-93F9-D91639ABCC9F}.Release|Any CPU.Build.0 = Release|Any CPU
	EndGlobalSection
	GlobalSection(SolutionProperties) = preSolution
		HideSolutionNode = FALSE
	EndGlobalSection
	GlobalSection(ExtensibilityGlobals) = postSolution
		SolutionGuid = {E12E979E-6336-437E-8CEA-4D1F0A1100DB}
	EndGlobalSection
EndGlobal
